
Microsoft Visual Studio Solution File, Format Version 12.00
# Visual Studio Version 17
VisualStudioVersion = 17.3.32819.101
MinimumVisualStudioVersion = 10.0.40219.1
Project("{FAE04EC0-301F-11D3-BF4B-00C04F79EFBC}") = "Todo", "Todo\Todo.csproj", "{ADF4BA81-9B54-4409-B17A-4CF755180141}"
EndProject
Global
	GlobalSection(SolutionConfigurationPlatforms) = preSolution
		Debug|Any CPU = Debug|Any CPU
		Release|Any CPU = Release|Any CPU
	EndGlobalSection
	GlobalSection(ProjectConfigurationPlatforms) = postSolution
		{ADF4BA81-9B54-4409-B17A-4CF755180141}.Debug|Any CPU.ActiveCfg = Debug|Any CPU
		{ADF4BA81-9B54-4409-B17A-4CF755180141}.Debug|Any CPU.Build.0 = Debug|Any CPU
		{ADF4BA81-9B54-4409-B17A-4CF755180141}.Release|Any CPU.ActiveCfg = Release|Any CPU
		{ADF4BA81-9B54-4409-B17A-4CF755180141}.Release|Any CPU.Build.0 = Release|Any CPU
	EndGlobalSection
	GlobalSection(SolutionProperties) = preSolution
		HideSolutionNode = FALSE
	EndGlobalSection
	GlobalSection(ExtensibilityGlobals) = postSolution
		SolutionGuid = {83A5066A-E4ED-4C31-B2AA-79D6C6B52A89}
	EndGlobalSection
EndGlobal
